
Microsoft Visual Studio Solution File, Format Version 12.00
# Visual Studio Version 17
VisualStudioVersion = 17.1.32421.90
MinimumVisualStudioVersion = 10.0.40219.1
Project("{FAE04EC0-301F-11D3-BF4B-00C04F79EFBC}") = "MGM.MVP.StorageTable.WebApi", "MGM.MVP.StorageTable.WebApi\MGM.MVP.StorageTable.WebApi.csproj", "{D43C59FE-745F-4FBB-8926-32F602061B34}"
EndProject
Project("{FAE04EC0-301F-11D3-BF4B-00C04F79EFBC}") = "MGM.MVP.StorageTable.Services", "MGM.MVP.StorageTable.Services\MGM.MVP.StorageTable.Services.csproj", "{588EAE7A-4F1E-469B-A8AA-C1F69FCCD958}"
EndProject
Project("{FAE04EC0-301F-11D3-BF4B-00C04F79EFBC}") = "MGM.MVP.StorageTable.Entities", "MGM.MVP.StorageTable.Entities\MGM.MVP.StorageTable.Entities.csproj", "{BDF33F3B-3CE4-40EA-97EE-02A5AB3D7364}"
EndProject
Global
	GlobalSection(SolutionConfigurationPlatforms) = preSolution
		Debug|Any CPU = Debug|Any CPU
		Release|Any CPU = Release|Any CPU
	EndGlobalSection
	GlobalSection(ProjectConfigurationPlatforms) = postSolution
		{D43C59FE-745F-4FBB-8926-32F602061B34}.Debug|Any CPU.ActiveCfg = Debug|Any CPU
		{D43C59FE-745F-4FBB-8926-32F602061B34}.Debug|Any CPU.Build.0 = Debug|Any CPU
		{D43C59FE-745F-4FBB-8926-32F602061B34}.Release|Any CPU.ActiveCfg = Release|Any CPU
		{D43C59FE-745F-4FBB-8926-32F602061B34}.Release|Any CPU.Build.0 = Release|Any CPU
		{588EAE7A-4F1E-469B-A8AA-C1F69FCCD958}.Debug|Any CPU.ActiveCfg = Debug|Any CPU
		{588EAE7A-4F1E-469B-A8AA-C1F69FCCD958}.Debug|Any CPU.Build.0 = Debug|Any CPU
		{588EAE7A-4F1E-469B-A8AA-C1F69FCCD958}.Release|Any CPU.ActiveCfg = Release|Any CPU
		{588EAE7A-4F1E-469B-A8AA-C1F69FCCD958}.Release|Any CPU.Build.0 = Release|Any CPU
		{BDF33F3B-3CE4-40EA-97EE-02A5AB3D7364}.Debug|Any CPU.ActiveCfg = Debug|Any CPU
		{BDF33F3B-3CE4-40EA-97EE-02A5AB3D7364}.Debug|Any CPU.Build.0 = Debug|Any CPU
		{BDF33F3B-3CE4-40EA-97EE-02A5AB3D7364}.Release|Any CPU.ActiveCfg = Release|Any CPU
		{BDF33F3B-3CE4-40EA-97EE-02A5AB3D7364}.Release|Any CPU.Build.0 = Release|Any CPU
	EndGlobalSection
	GlobalSection(SolutionProperties) = preSolution
		HideSolutionNode = FALSE
	EndGlobalSection
	GlobalSection(ExtensibilityGlobals) = postSolution
		SolutionGuid = {50E01483-1E8E-4705-9570-7541EE34413C}
	EndGlobalSection
EndGlobal
